// !$*UTF8*$!
{
	archiveVersion = 1;
	classes = {
	};
	objectVersion = 55;
	objects = {

/* Begin PBXBuildFile section */
		177F7C5E27EC801100AEE267 /* AppDelegate.swift in Sources */ = {isa = PBXBuildFile; fileRef = 177F7C5D27EC801100AEE267 /* AppDelegate.swift */; };
		177F7C6027EC801100AEE267 /* SceneDelegate.swift in Sources */ = {isa = PBXBuildFile; fileRef = 177F7C5F27EC801100AEE267 /* SceneDelegate.swift */; };
		177F7C6227EC801100AEE267 /* ViewController.swift in Sources */ = {isa = PBXBuildFile; fileRef = 177F7C6127EC801100AEE267 /* ViewController.swift */; };
		177F7C6527EC801100AEE267 /* Main.storyboard in Resources */ = {isa = PBXBuildFile; fileRef = 177F7C6327EC801100AEE267 /* Main.storyboard */; };
		177F7C6827EC801100AEE267 /* TestKlaxit.xcdatamodeld in Sources */ = {isa = PBXBuildFile; fileRef = 177F7C6627EC801100AEE267 /* TestKlaxit.xcdatamodeld */; };
		177F7C6A27EC801200AEE267 /* Assets.xcassets in Resources */ = {isa = PBXBuildFile; fileRef = 177F7C6927EC801200AEE267 /* Assets.xcassets */; };
		177F7C6D27EC801200AEE267 /* LaunchScreen.storyboard in Resources */ = {isa = PBXBuildFile; fileRef = 177F7C6B27EC801200AEE267 /* LaunchScreen.storyboard */; };
		177F7C7827EC801300AEE267 /* TestKlaxitTests.swift in Sources */ = {isa = PBXBuildFile; fileRef = 177F7C7727EC801300AEE267 /* TestKlaxitTests.swift */; };
		177F7C8227EC801300AEE267 /* TestKlaxitUITests.swift in Sources */ = {isa = PBXBuildFile; fileRef = 177F7C8127EC801300AEE267 /* TestKlaxitUITests.swift */; };
		177F7C8427EC801300AEE267 /* TestKlaxitUITestsLaunchTests.swift in Sources */ = {isa = PBXBuildFile; fileRef = 177F7C8327EC801300AEE267 /* TestKlaxitUITestsLaunchTests.swift */; };
/* End PBXBuildFile section */

/* Begin PBXContainerItemProxy section */
		177F7C7427EC801300AEE267 /* PBXContainerItemProxy */ = {
			isa = PBXContainerItemProxy;
			containerPortal = 177F7C5227EC801000AEE267 /* Project object */;
			proxyType = 1;
			remoteGlobalIDString = 177F7C5927EC801000AEE267;
			remoteInfo = TestKlaxit;
		};
		177F7C7E27EC801300AEE267 /* PBXContainerItemProxy */ = {
			isa = PBXContainerItemProxy;
			containerPortal = 177F7C5227EC801000AEE267 /* Project object */;
			proxyType = 1;
			remoteGlobalIDString = 177F7C5927EC801000AEE267;
			remoteInfo = TestKlaxit;
		};
/* End PBXContainerItemProxy section */

/* Begin PBXFileReference section */
		177F7C5A27EC801100AEE267 /* TestKlaxit.app */ = {isa = PBXFileReference; explicitFileType = wrapper.application; includeInIndex = 0; path = TestKlaxit.app; sourceTree = BUILT_PRODUCTS_DIR; };
		177F7C5D27EC801100AEE267 /* AppDelegate.swift */ = {isa = PBXFileReference; lastKnownFileType = sourcecode.swift; path = AppDelegate.swift; sourceTree = "<group>"; };
		177F7C5F27EC801100AEE267 /* SceneDelegate.swift */ = {isa = PBXFileReference; lastKnownFileType = sourcecode.swift; path = SceneDelegate.swift; sourceTree = "<group>"; };
		177F7C6127EC801100AEE267 /* ViewController.swift */ = {isa = PBXFileReference; lastKnownFileType = sourcecode.swift; path = ViewController.swift; sourceTree = "<group>"; };
		177F7C6427EC801100AEE267 /* Base */ = {isa = PBXFileReference; lastKnownFileType = file.storyboard; name = Base; path = Base.lproj/Main.storyboard; sourceTree = "<group>"; };
		177F7C6727EC801100AEE267 /* TestKlaxit.xcdatamodel */ = {isa = PBXFileReference; lastKnownFileType = wrapper.xcdatamodel; path = TestKlaxit.xcdatamodel; sourceTree = "<group>"; };
		177F7C6927EC801200AEE267 /* Assets.xcassets */ = {isa = PBXFileReference; lastKnownFileType = folder.assetcatalog; path = Assets.xcassets; sourceTree = "<group>"; };
		177F7C6C27EC801200AEE267 /* Base */ = {isa = PBXFileReference; lastKnownFileType = file.storyboard; name = Base; path = Base.lproj/LaunchScreen.storyboard; sourceTree = "<group>"; };
		177F7C6E27EC801200AEE267 /* Info.plist */ = {isa = PBXFileReference; lastKnownFileType = text.plist.xml; path = Info.plist; sourceTree = "<group>"; };
		177F7C7327EC801300AEE267 /* TestKlaxitTests.xctest */ = {isa = PBXFileReference; explicitFileType = wrapper.cfbundle; includeInIndex = 0; path = TestKlaxitTests.xctest; sourceTree = BUILT_PRODUCTS_DIR; };
		177F7C7727EC801300AEE267 /* TestKlaxitTests.swift */ = {isa = PBXFileReference; lastKnownFileType = sourcecode.swift; path = TestKlaxitTests.swift; sourceTree = "<group>"; };
		177F7C7D27EC801300AEE267 /* TestKlaxitUITests.xctest */ = {isa = PBXFileReference; explicitFileType = wrapper.cfbundle; includeInIndex = 0; path = TestKlaxitUITests.xctest; sourceTree = BUILT_PRODUCTS_DIR; };
		177F7C8127EC801300AEE267 /* TestKlaxitUITests.swift */ = {isa = PBXFileReference; lastKnownFileType = sourcecode.swift; path = TestKlaxitUITests.swift; sourceTree = "<group>"; };
		177F7C8327EC801300AEE267 /* TestKlaxitUITestsLaunchTests.swift */ = {isa = PBXFileReference; lastKnownFileType = sourcecode.swift; path = TestKlaxitUITestsLaunchTests.swift; sourceTree = "<group>"; };
/* End PBXFileReference section */

/* Begin PBXFrameworksBuildPhase section */
		177F7C5727EC801000AEE267 /* Frameworks */ = {
			isa = PBXFrameworksBuildPhase;
			buildActionMask = 2147483647;
			files = (
			);
			runOnlyForDeploymentPostprocessing = 0;
		};
		177F7C7027EC801300AEE267 /* Frameworks */ = {
			isa = PBXFrameworksBuildPhase;
			buildActionMask = 2147483647;
			files = (
			);
			runOnlyForDeploymentPostprocessing = 0;
		};
		177F7C7A27EC801300AEE267 /* Frameworks */ = {
			isa = PBXFrameworksBuildPhase;
			buildActionMask = 2147483647;
			files = (
			);
			runOnlyForDeploymentPostprocessing = 0;
		};
/* End PBXFrameworksBuildPhase section */

/* Begin PBXGroup section */
		177F7C5127EC801000AEE267 = {
			isa = PBXGroup;
			children = (
				177F7C5C27EC801100AEE267 /* TestKlaxit */,
				177F7C7627EC801300AEE267 /* TestKlaxitTests */,
				177F7C8027EC801300AEE267 /* TestKlaxitUITests */,
				177F7C5B27EC801100AEE267 /* Products */,
			);
			sourceTree = "<group>";
		};
		177F7C5B27EC801100AEE267 /* Products */ = {
			isa = PBXGroup;
			children = (
				177F7C5A27EC801100AEE267 /* TestKlaxit.app */,
				177F7C7327EC801300AEE267 /* TestKlaxitTests.xctest */,
				177F7C7D27EC801300AEE267 /* TestKlaxitUITests.xctest */,
			);
			name = Products;
			sourceTree = "<group>";
		};
		177F7C5C27EC801100AEE267 /* TestKlaxit */ = {
			isa = PBXGroup;
			children = (
				177F7C5D27EC801100AEE267 /* AppDelegate.swift */,
				177F7C5F27EC801100AEE267 /* SceneDelegate.swift */,
				177F7C6127EC801100AEE267 /* ViewController.swift */,
				177F7C6327EC801100AEE267 /* Main.storyboard */,
				177F7C6927EC801200AEE267 /* Assets.xcassets */,
				177F7C6B27EC801200AEE267 /* LaunchScreen.storyboard */,
				177F7C6E27EC801200AEE267 /* Info.plist */,
				177F7C6627EC801100AEE267 /* TestKlaxit.xcdatamodeld */,
			);
			path = TestKlaxit;
			sourceTree = "<group>";
		};
		177F7C7627EC801300AEE267 /* TestKlaxitTests */ = {
			isa = PBXGroup;
			children = (
				177F7C7727EC801300AEE267 /* TestKlaxitTests.swift */,
			);
			path = TestKlaxitTests;
			sourceTree = "<group>";
		};
		177F7C8027EC801300AEE267 /* TestKlaxitUITests */ = {
			isa = PBXGroup;
			children = (
				177F7C8127EC801300AEE267 /* TestKlaxitUITests.swift */,
				177F7C8327EC801300AEE267 /* TestKlaxitUITestsLaunchTests.swift */,
			);
			path = TestKlaxitUITests;
			sourceTree = "<group>";
		};
/* End PBXGroup section */

/* Begin PBXNativeTarget section */
		177F7C5927EC801000AEE267 /* TestKlaxit */ = {
			isa = PBXNativeTarget;
			buildConfigurationList = 177F7C8727EC801300AEE267 /* Build configuration list for PBXNativeTarget "TestKlaxit" */;
			buildPhases = (
				177F7C5627EC801000AEE267 /* Sources */,
				177F7C5727EC801000AEE267 /* Frameworks */,
				177F7C5827EC801000AEE267 /* Resources */,
			);
			buildRules = (
			);
			dependencies = (
			);
			name = TestKlaxit;
			productName = TestKlaxit;
			productReference = 177F7C5A27EC801100AEE267 /* TestKlaxit.app */;
			productType = "com.apple.product-type.application";
		};
		177F7C7227EC801300AEE267 /* TestKlaxitTests */ = {
			isa = PBXNativeTarget;
			buildConfigurationList = 177F7C8A27EC801300AEE267 /* Build configuration list for PBXNativeTarget "TestKlaxitTests" */;
			buildPhases = (
				177F7C6F27EC801300AEE267 /* Sources */,
				177F7C7027EC801300AEE267 /* Frameworks */,
				177F7C7127EC801300AEE267 /* Resources */,
			);
			buildRules = (
			);
			dependencies = (
				177F7C7527EC801300AEE267 /* PBXTargetDependency */,
			);
			name = TestKlaxitTests;
			productName = TestKlaxitTests;
			productReference = 177F7C7327EC801300AEE267 /* TestKlaxitTests.xctest */;
			productType = "com.apple.product-type.bundle.unit-test";
		};
		177F7C7C27EC801300AEE267 /* TestKlaxitUITests */ = {
			isa = PBXNativeTarget;
			buildConfigurationList = 177F7C8D27EC801300AEE267 /* Build configuration list for PBXNativeTarget "TestKlaxitUITests" */;
			buildPhases = (
				177F7C7927EC801300AEE267 /* Sources */,
				177F7C7A27EC801300AEE267 /* Frameworks */,
				177F7C7B27EC801300AEE267 /* Resources */,
			);
			buildRules = (
			);
			dependencies = (
				177F7C7F27EC801300AEE267 /* PBXTargetDependency */,
			);
			name = TestKlaxitUITests;
			productName = TestKlaxitUITests;
			productReference = 177F7C7D27EC801300AEE267 /* TestKlaxitUITests.xctest */;
			productType = "com.apple.product-type.bundle.ui-testing";
		};
/* End PBXNativeTarget section */

/* Begin PBXProject section */
		177F7C5227EC801000AEE267 /* Project object */ = {
			isa = PBXProject;
			attributes = {
				BuildIndependentTargetsInParallel = 1;
				LastSwiftUpdateCheck = 1320;
				LastUpgradeCheck = 1320;
				TargetAttributes = {
					177F7C5927EC801000AEE267 = {
						CreatedOnToolsVersion = 13.2.1;
					};
					177F7C7227EC801300AEE267 = {
						CreatedOnToolsVersion = 13.2.1;
						TestTargetID = 177F7C5927EC801000AEE267;
					};
					177F7C7C27EC801300AEE267 = {
						CreatedOnToolsVersion = 13.2.1;
						TestTargetID = 177F7C5927EC801000AEE267;
					};
				};
			};
			buildConfigurationList = 177F7C5527EC801000AEE267 /* Build configuration list for PBXProject "TestKlaxit" */;
			compatibilityVersion = "Xcode 13.0";
			developmentRegion = en;
			hasScannedForEncodings = 0;
			knownRegions = (
				en,
				Base,
			);
			mainGroup = 177F7C5127EC801000AEE267;
			productRefGroup = 177F7C5B27EC801100AEE267 /* Products */;
			projectDirPath = "";
			projectRoot = "";
			targets = (
				177F7C5927EC801000AEE267 /* TestKlaxit */,
				177F7C7227EC801300AEE267 /* TestKlaxitTests */,
				177F7C7C27EC801300AEE267 /* TestKlaxitUITests */,
			);
		};
/* End PBXProject section */

/* Begin PBXResourcesBuildPhase section */
		177F7C5827EC801000AEE267 /* Resources */ = {
			isa = PBXResourcesBuildPhase;
			buildActionMask = 2147483647;
			files = (
				177F7C6D27EC801200AEE267 /* LaunchScreen.storyboard in Resources */,
				177F7C6A27EC801200AEE267 /* Assets.xcassets in Resources */,
				177F7C6527EC801100AEE267 /* Main.storyboard in Resources */,
			);
			runOnlyForDeploymentPostprocessing = 0;
		};
		177F7C7127EC801300AEE267 /* Resources */ = {
			isa = PBXResourcesBuildPhase;
			buildActionMask = 2147483647;
			files = (
			);
			runOnlyForDeploymentPostprocessing = 0;
		};
		177F7C7B27EC801300AEE267 /* Resources */ = {
			isa = PBXResourcesBuildPhase;
			buildActionMask = 2147483647;
			files = (
			);
			runOnlyForDeploymentPostprocessing = 0;
		};
/* End PBXResourcesBuildPhase section */

/* Begin PBXSourcesBuildPhase section */
		177F7C5627EC801000AEE267 /* Sources */ = {
			isa = PBXSourcesBuildPhase;
			buildActionMask = 2147483647;
			files = (
				177F7C6827EC801100AEE267 /* TestKlaxit.xcdatamodeld in Sources */,
				177F7C6227EC801100AEE267 /* ViewController.swift in Sources */,
				177F7C5E27EC801100AEE267 /* AppDelegate.swift in Sources */,
				177F7C6027EC801100AEE267 /* SceneDelegate.swift in Sources */,
			);
			runOnlyForDeploymentPostprocessing = 0;
		};
		177F7C6F27EC801300AEE267 /* Sources */ = {
			isa = PBXSourcesBuildPhase;
			buildActionMask = 2147483647;
			files = (
				177F7C7827EC801300AEE267 /* TestKlaxitTests.swift in Sources */,
			);
			runOnlyForDeploymentPostprocessing = 0;
		};
		177F7C7927EC801300AEE267 /* Sources */ = {
			isa = PBXSourcesBuildPhase;
			buildActionMask = 2147483647;
			files = (
				177F7C8227EC801300AEE267 /* TestKlaxitUITests.swift in Sources */,
				177F7C8427EC801300AEE267 /* TestKlaxitUITestsLaunchTests.swift in Sources */,
			);
			runOnlyForDeploymentPostprocessing = 0;
		};
/* End PBXSourcesBuildPhase section */

/* Begin PBXTargetDependency section */
		177F7C7527EC801300AEE267 /* PBXTargetDependency */ = {
			isa = PBXTargetDependency;
			target = 177F7C5927EC801000AEE267 /* TestKlaxit */;
			targetProxy = 177F7C7427EC801300AEE267 /* PBXContainerItemProxy */;
		};
		177F7C7F27EC801300AEE267 /* PBXTargetDependency */ = {
			isa = PBXTargetDependency;
			target = 177F7C5927EC801000AEE267 /* TestKlaxit */;
			targetProxy = 177F7C7E27EC801300AEE267 /* PBXContainerItemProxy */;
		};
/* End PBXTargetDependency section */

/* Begin PBXVariantGroup section */
		177F7C6327EC801100AEE267 /* Main.storyboard */ = {
			isa = PBXVariantGroup;
			children = (
				177F7C6427EC801100AEE267 /* Base */,
			);
			name = Main.storyboard;
			sourceTree = "<group>";
		};
		177F7C6B27EC801200AEE267 /* LaunchScreen.storyboard */ = {
			isa = PBXVariantGroup;
			children = (
				177F7C6C27EC801200AEE267 /* Base */,
			);
			name = LaunchScreen.storyboard;
			sourceTree = "<group>";
		};
/* End PBXVariantGroup section */

/* Begin XCBuildConfiguration section */
		177F7C8527EC801300AEE267 /* Debug */ = {
			isa = XCBuildConfiguration;
			buildSettings = {
				ALWAYS_SEARCH_USER_PATHS = NO;
				CLANG_ANALYZER_NONNULL = YES;
				CLANG_ANALYZER_NUMBER_OBJECT_CONVERSION = YES_AGGRESSIVE;
				CLANG_CXX_LANGUAGE_STANDARD = "gnu++17";
				CLANG_CXX_LIBRARY = "libc++";
				CLANG_ENABLE_MODULES = YES;
				CLANG_ENABLE_OBJC_ARC = YES;
				CLANG_ENABLE_OBJC_WEAK = YES;
				CLANG_WARN_BLOCK_CAPTURE_AUTORELEASING = YES;
				CLANG_WARN_BOOL_CONVERSION = YES;
				CLANG_WARN_COMMA = YES;
				CLANG_WARN_CONSTANT_CONVERSION = YES;
				CLANG_WARN_DEPRECATED_OBJC_IMPLEMENTATIONS = YES;
				CLANG_WARN_DIRECT_OBJC_ISA_USAGE = YES_ERROR;
				CLANG_WARN_DOCUMENTATION_COMMENTS = YES;
				CLANG_WARN_EMPTY_BODY = YES;
				CLANG_WARN_ENUM_CONVERSION = YES;
				CLANG_WARN_INFINITE_RECURSION = YES;
				CLANG_WARN_INT_CONVERSION = YES;
				CLANG_WARN_NON_LITERAL_NULL_CONVERSION = YES;
				CLANG_WARN_OBJC_IMPLICIT_RETAIN_SELF = YES;
				CLANG_WARN_OBJC_LITERAL_CONVERSION = YES;
				CLANG_WARN_OBJC_ROOT_CLASS = YES_ERROR;
				CLANG_WARN_QUOTED_INCLUDE_IN_FRAMEWORK_HEADER = YES;
				CLANG_WARN_RANGE_LOOP_ANALYSIS = YES;
				CLANG_WARN_STRICT_PROTOTYPES = YES;
				CLANG_WARN_SUSPICIOUS_MOVE = YES;
				CLANG_WARN_UNGUARDED_AVAILABILITY = YES_AGGRESSIVE;
				CLANG_WARN_UNREACHABLE_CODE = YES;
				CLANG_WARN__DUPLICATE_METHOD_MATCH = YES;
				COPY_PHASE_STRIP = NO;
				DEBUG_INFORMATION_FORMAT = dwarf;
				ENABLE_STRICT_OBJC_MSGSEND = YES;
				ENABLE_TESTABILITY = YES;
				GCC_C_LANGUAGE_STANDARD = gnu11;
				GCC_DYNAMIC_NO_PIC = NO;
				GCC_NO_COMMON_BLOCKS = YES;
				GCC_OPTIMIZATION_LEVEL = 0;
				GCC_PREPROCESSOR_DEFINITIONS = (
					"DEBUG=1",
					"$(inherited)",
				);
				GCC_WARN_64_TO_32_BIT_CONVERSION = YES;
				GCC_WARN_ABOUT_RETURN_TYPE = YES_ERROR;
				GCC_WARN_UNDECLARED_SELECTOR = YES;
				GCC_WARN_UNINITIALIZED_AUTOS = YES_AGGRESSIVE;
				GCC_WARN_UNUSED_FUNCTION = YES;
				GCC_WARN_UNUSED_VARIABLE = YES;
				IPHONEOS_DEPLOYMENT_TARGET = 15.2;
				MTL_ENABLE_DEBUG_INFO = INCLUDE_SOURCE;
				MTL_FAST_MATH = YES;
				ONLY_ACTIVE_ARCH = YES;
				SDKROOT = iphoneos;
				SWIFT_ACTIVE_COMPILATION_CONDITIONS = DEBUG;
				SWIFT_OPTIMIZATION_LEVEL = "-Onone";
			};
			name = Debug;
		};
		177F7C8627EC801300AEE267 /* Release */ = {
			isa = XCBuildConfiguration;
			buildSettings = {
				ALWAYS_SEARCH_USER_PATHS = NO;
				CLANG_ANALYZER_NONNULL = YES;
				CLANG_ANALYZER_NUMBER_OBJECT_CONVERSION = YES_AGGRESSIVE;
				CLANG_CXX_LANGUAGE_STANDARD = "gnu++17";
				CLANG_CXX_LIBRARY = "libc++";
				CLANG_ENABLE_MODULES = YES;
				CLANG_ENABLE_OBJC_ARC = YES;
				CLANG_ENABLE_OBJC_WEAK = YES;
				CLANG_WARN_BLOCK_CAPTURE_AUTORELEASING = YES;
				CLANG_WARN_BOOL_CONVERSION = YES;
				CLANG_WARN_COMMA = YES;
				CLANG_WARN_CONSTANT_CONVERSION = YES;
				CLANG_WARN_DEPRECATED_OBJC_IMPLEMENTATIONS = YES;
				CLANG_WARN_DIRECT_OBJC_ISA_USAGE = YES_ERROR;
				CLANG_WARN_DOCUMENTATION_COMMENTS = YES;
				CLANG_WARN_EMPTY_BODY = YES;
				CLANG_WARN_ENUM_CONVERSION = YES;
				CLANG_WARN_INFINITE_RECURSION = YES;
				CLANG_WARN_INT_CONVERSION = YES;
				CLANG_WARN_NON_LITERAL_NULL_CONVERSION = YES;
				CLANG_WARN_OBJC_IMPLICIT_RETAIN_SELF = YES;
				CLANG_WARN_OBJC_LITERAL_CONVERSION = YES;
				CLANG_WARN_OBJC_ROOT_CLASS = YES_ERROR;
				CLANG_WARN_QUOTED_INCLUDE_IN_FRAMEWORK_HEADER = YES;
				CLANG_WARN_RANGE_LOOP_ANALYSIS = YES;
				CLANG_WARN_STRICT_PROTOTYPES = YES;
				CLANG_WARN_SUSPICIOUS_MOVE = YES;
				CLANG_WARN_UNGUARDED_AVAILABILITY = YES_AGGRESSIVE;
				CLANG_WARN_UNREACHABLE_CODE = YES;
				CLANG_WARN__DUPLICATE_METHOD_MATCH = YES;
				COPY_PHASE_STRIP = NO;
				DEBUG_INFORMATION_FORMAT = "dwarf-with-dsym";
				ENABLE_NS_ASSERTIONS = NO;
				ENABLE_STRICT_OBJC_MSGSEND = YES;
				GCC_C_LANGUAGE_STANDARD = gnu11;
				GCC_NO_COMMON_BLOCKS = YES;
				GCC_WARN_64_TO_32_BIT_CONVERSION = YES;
				GCC_WARN_ABOUT_RETURN_TYPE = YES_ERROR;
				GCC_WARN_UNDECLARED_SELECTOR = YES;
				GCC_WARN_UNINITIALIZED_AUTOS = YES_AGGRESSIVE;
				GCC_WARN_UNUSED_FUNCTION = YES;
				GCC_WARN_UNUSED_VARIABLE = YES;
				IPHONEOS_DEPLOYMENT_TARGET = 15.2;
				MTL_ENABLE_DEBUG_INFO = NO;
				MTL_FAST_MATH = YES;
				SDKROOT = iphoneos;
				SWIFT_COMPILATION_MODE = wholemodule;
				SWIFT_OPTIMIZATION_LEVEL = "-O";
				VALIDATE_PRODUCT = YES;
			};
			name = Release;
		};
		177F7C8827EC801300AEE267 /* Debug */ = {
			isa = XCBuildConfiguration;
			buildSettings = {
				ASSETCATALOG_COMPILER_APPICON_NAME = AppIcon;
				ASSETCATALOG_COMPILER_GLOBAL_ACCENT_COLOR_NAME = AccentColor;
				CODE_SIGN_STYLE = Automatic;
				CURRENT_PROJECT_VERSION = 1;
				DEVELOPMENT_TEAM = 7M75J76A5G;
				GENERATE_INFOPLIST_FILE = YES;
				INFOPLIST_FILE = TestKlaxit/Info.plist;
				INFOPLIST_KEY_UIApplicationSupportsIndirectInputEvents = YES;
				INFOPLIST_KEY_UILaunchStoryboardName = LaunchScreen;
				INFOPLIST_KEY_UIMainStoryboardFile = Main;
				INFOPLIST_KEY_UISupportedInterfaceOrientations_iPad = "UIInterfaceOrientationPortrait UIInterfaceOrientationPortraitUpsideDown UIInterfaceOrientationLandscapeLeft UIInterfaceOrientationLandscapeRight";
				INFOPLIST_KEY_UISupportedInterfaceOrientations_iPhone = "UIInterfaceOrientationPortrait UIInterfaceOrientationLandscapeLeft UIInterfaceOrientationLandscapeRight";
				LD_RUNPATH_SEARCH_PATHS = (
					"$(inherited)",
					"@executable_path/Frameworks",
				);
				MARKETING_VERSION = 1.0;
				PRODUCT_BUNDLE_IDENTIFIER = com.corsenp.TestKlaxit;
				PRODUCT_NAME = "$(TARGET_NAME)";
				SWIFT_EMIT_LOC_STRINGS = YES;
				SWIFT_VERSION = 5.0;
				TARGETED_DEVICE_FAMILY = "1,2";
			};
			name = Debug;
		};
		177F7C8927EC801300AEE267 /* Release */ = {
			isa = XCBuildConfiguration;
			buildSettings = {
				ASSETCATALOG_COMPILER_APPICON_NAME = AppIcon;
				ASSETCATALOG_COMPILER_GLOBAL_ACCENT_COLOR_NAME = AccentColor;
				CODE_SIGN_STYLE = Automatic;
				CURRENT_PROJECT_VERSION = 1;
				DEVELOPMENT_TEAM = 7M75J76A5G;
				GENERATE_INFOPLIST_FILE = YES;
				INFOPLIST_FILE = TestKlaxit/Info.plist;
				INFOPLIST_KEY_UIApplicationSupportsIndirectInputEvents = YES;
				INFOPLIST_KEY_UILaunchStoryboardName = LaunchScreen;
				INFOPLIST_KEY_UIMainStoryboardFile = Main;
				INFOPLIST_KEY_UISupportedInterfaceOrientations_iPad = "UIInterfaceOrientationPortrait UIInterfaceOrientationPortraitUpsideDown UIInterfaceOrientationLandscapeLeft UIInterfaceOrientationLandscapeRight";
				INFOPLIST_KEY_UISupportedInterfaceOrientations_iPhone = "UIInterfaceOrientationPortrait UIInterfaceOrientationLandscapeLeft UIInterfaceOrientationLandscapeRight";
				LD_RUNPATH_SEARCH_PATHS = (
					"$(inherited)",
					"@executable_path/Frameworks",
				);
				MARKETING_VERSION = 1.0;
				PRODUCT_BUNDLE_IDENTIFIER = com.corsenp.TestKlaxit;
				PRODUCT_NAME = "$(TARGET_NAME)";
				SWIFT_EMIT_LOC_STRINGS = YES;
				SWIFT_VERSION = 5.0;
				TARGETED_DEVICE_FAMILY = "1,2";
			};
			name = Release;
		};
		177F7C8B27EC801300AEE267 /* Debug */ = {
			isa = XCBuildConfiguration;
			buildSettings = {
				ALWAYS_EMBED_SWIFT_STANDARD_LIBRARIES = YES;
				BUNDLE_LOADER = "$(TEST_HOST)";
				CODE_SIGN_STYLE = Automatic;
				CURRENT_PROJECT_VERSION = 1;
				DEVELOPMENT_TEAM = 7M75J76A5G;
				GENERATE_INFOPLIST_FILE = YES;
				IPHONEOS_DEPLOYMENT_TARGET = 15.2;
				MARKETING_VERSION = 1.0;
				PRODUCT_BUNDLE_IDENTIFIER = com.corsenp.TestKlaxitTests;
				PRODUCT_NAME = "$(TARGET_NAME)";
				SWIFT_EMIT_LOC_STRINGS = NO;
				SWIFT_VERSION = 5.0;
				TARGETED_DEVICE_FAMILY = "1,2";
				TEST_HOST = "$(BUILT_PRODUCTS_DIR)/TestKlaxit.app/TestKlaxit";
			};
			name = Debug;
		};
		177F7C8C27EC801300AEE267 /* Release */ = {
			isa = XCBuildConfiguration;
			buildSettings = {
				ALWAYS_EMBED_SWIFT_STANDARD_LIBRARIES = YES;
				BUNDLE_LOADER = "$(TEST_HOST)";
				CODE_SIGN_STYLE = Automatic;
				CURRENT_PROJECT_VERSION = 1;
				DEVELOPMENT_TEAM = 7M75J76A5G;
				GENERATE_INFOPLIST_FILE = YES;
				IPHONEOS_DEPLOYMENT_TARGET = 15.2;
				MARKETING_VERSION = 1.0;
				PRODUCT_BUNDLE_IDENTIFIER = com.corsenp.TestKlaxitTests;
				PRODUCT_NAME = "$(TARGET_NAME)";
				SWIFT_EMIT_LOC_STRINGS = NO;
				SWIFT_VERSION = 5.0;
				TARGETED_DEVICE_FAMILY = "1,2";
				TEST_HOST = "$(BUILT_PRODUCTS_DIR)/TestKlaxit.app/TestKlaxit";
			};
			name = Release;
		};
		177F7C8E27EC801300AEE267 /* Debug */ = {
			isa = XCBuildConfiguration;
			buildSettings = {
				ALWAYS_EMBED_SWIFT_STANDARD_LIBRARIES = YES;
				CODE_SIGN_STYLE = Automatic;
				CURRENT_PROJECT_VERSION = 1;
				DEVELOPMENT_TEAM = 7M75J76A5G;
				GENERATE_INFOPLIST_FILE = YES;
				MARKETING_VERSION = 1.0;
				PRODUCT_BUNDLE_IDENTIFIER = com.corsenp.TestKlaxitUITests;
				PRODUCT_NAME = "$(TARGET_NAME)";
				SWIFT_EMIT_LOC_STRINGS = NO;
				SWIFT_VERSION = 5.0;
				TARGETED_DEVICE_FAMILY = "1,2";
				TEST_TARGET_NAME = TestKlaxit;
			};
			name = Debug;
		};
		177F7C8F27EC801300AEE267 /* Release */ = {
			isa = XCBuildConfiguration;
			buildSettings = {
				ALWAYS_EMBED_SWIFT_STANDARD_LIBRARIES = YES;
				CODE_SIGN_STYLE = Automatic;
				CURRENT_PROJECT_VERSION = 1;
				DEVELOPMENT_TEAM = 7M75J76A5G;
				GENERATE_INFOPLIST_FILE = YES;
				MARKETING_VERSION = 1.0;
				PRODUCT_BUNDLE_IDENTIFIER = com.corsenp.TestKlaxitUITests;
				PRODUCT_NAME = "$(TARGET_NAME)";
				SWIFT_EMIT_LOC_STRINGS = NO;
				SWIFT_VERSION = 5.0;
				TARGETED_DEVICE_FAMILY = "1,2";
				TEST_TARGET_NAME = TestKlaxit;
			};
			name = Release;
		};
/* End XCBuildConfiguration section */

/* Begin XCConfigurationList section */
		177F7C5527EC801000AEE267 /* Build configuration list for PBXProject "TestKlaxit" */ = {
			isa = XCConfigurationList;
			buildConfigurations = (
				177F7C8527EC801300AEE267 /* Debug */,
				177F7C8627EC801300AEE267 /* Release */,
			);
			defaultConfigurationIsVisible = 0;
			defaultConfigurationName = Release;
		};
		177F7C8727EC801300AEE267 /* Build configuration list for PBXNativeTarget "TestKlaxit" */ = {
			isa = XCConfigurationList;
			buildConfigurations = (
				177F7C8827EC801300AEE267 /* Debug */,
				177F7C8927EC801300AEE267 /* Release */,
			);
			defaultConfigurationIsVisible = 0;
			defaultConfigurationName = Release;
		};
		177F7C8A27EC801300AEE267 /* Build configuration list for PBXNativeTarget "TestKlaxitTests" */ = {
			isa = XCConfigurationList;
			buildConfigurations = (
				177F7C8B27EC801300AEE267 /* Debug */,
				177F7C8C27EC801300AEE267 /* Release */,
			);
			defaultConfigurationIsVisible = 0;
			defaultConfigurationName = Release;
		};
		177F7C8D27EC801300AEE267 /* Build configuration list for PBXNativeTarget "TestKlaxitUITests" */ = {
			isa = XCConfigurationList;
			buildConfigurations = (
				177F7C8E27EC801300AEE267 /* Debug */,
				177F7C8F27EC801300AEE267 /* Release */,
			);
			defaultConfigurationIsVisible = 0;
			defaultConfigurationName = Release;
		};
/* End XCConfigurationList section */

/* Begin XCVersionGroup section */
		177F7C6627EC801100AEE267 /* TestKlaxit.xcdatamodeld */ = {
			isa = XCVersionGroup;
			children = (
				177F7C6727EC801100AEE267 /* TestKlaxit.xcdatamodel */,
			);
			currentVersion = 177F7C6727EC801100AEE267 /* TestKlaxit.xcdatamodel */;
			path = TestKlaxit.xcdatamodeld;
			sourceTree = "<group>";
			versionGroupType = wrapper.xcdatamodel;
		};
/* End XCVersionGroup section */
	};
	rootObject = 177F7C5227EC801000AEE267 /* Project object */;
}
